
Microsoft Visual Studio Solution File, Format Version 12.00
# Visual Studio Version 17
VisualStudioVersion = 17.0.32014.148
MinimumVisualStudioVersion = 10.0.40219.1
Project("{FAE04EC0-301F-11D3-BF4B-00C04F79EFBC}") = "Better AI", "Better AI\Better AI.csproj", "{936CE1E7-DB47-41B3-8787-20675CCF8925}"
EndProject
Global
	GlobalSection(SolutionConfigurationPlatforms) = preSolution
		Debug|Any CPU = Debug|Any CPU
		Release|Any CPU = Release|Any CPU
	EndGlobalSection
	GlobalSection(ProjectConfigurationPlatforms) = postSolution
		{936CE1E7-DB47-41B3-8787-20675CCF8925}.Debug|Any CPU.ActiveCfg = Debug|Any CPU
		{936CE1E7-DB47-41B3-8787-20675CCF8925}.Debug|Any CPU.Build.0 = Debug|Any CPU
		{936CE1E7-DB47-41B3-8787-20675CCF8925}.Release|Any CPU.ActiveCfg = Release|Any CPU
		{936CE1E7-DB47-41B3-8787-20675CCF8925}.Release|Any CPU.Build.0 = Release|Any CPU
	EndGlobalSection
	GlobalSection(SolutionProperties) = preSolution
		HideSolutionNode = FALSE
	EndGlobalSection
	GlobalSection(ExtensibilityGlobals) = postSolution
		SolutionGuid = {5A4E4426-4E31-465B-89CC-FF6C6C63D531}
	EndGlobalSection
EndGlobal
